// !$*UTF8*$!
{
	archiveVersion = 1;
	classes = {
	};
	objectVersion = 55;
	objects = {

/* Begin PBXBuildFile section */
		2A08EBA727166E050094192E /* bitcoinApp.swift in Sources */ = {isa = PBXBuildFile; fileRef = 2A08EBA627166E050094192E /* bitcoinApp.swift */; };
		2A08EBAB27166E080094192E /* Assets.xcassets in Resources */ = {isa = PBXBuildFile; fileRef = 2A08EBAA27166E080094192E /* Assets.xcassets */; };
		2A08EBAE27166E080094192E /* Preview Assets.xcassets in Resources */ = {isa = PBXBuildFile; fileRef = 2A08EBAD27166E080094192E /* Preview Assets.xcassets */; };
		2A08EBB827166E770094192E /* Coin.swift in Sources */ = {isa = PBXBuildFile; fileRef = 2A08EBB727166E770094192E /* Coin.swift */; };
		2A08EBBB27166ECF0094192E /* APIConstants.swift in Sources */ = {isa = PBXBuildFile; fileRef = 2A08EBBA27166ECF0094192E /* APIConstants.swift */; };
		2A08EBC4271677280094192E /* CoinsScreen.swift in Sources */ = {isa = PBXBuildFile; fileRef = 2A08EBC3271677280094192E /* CoinsScreen.swift */; };
		2A08EBC727174FC50094192E /* CoinView.swift in Sources */ = {isa = PBXBuildFile; fileRef = 2A08EBC627174FC50094192E /* CoinView.swift */; };
		2A08EBCA2717508B0094192E /* CoinsService.swift in Sources */ = {isa = PBXBuildFile; fileRef = 2A08EBC92717508B0094192E /* CoinsService.swift */; };
		2A08EBCD271751570094192E /* CoinsViewModel.swift in Sources */ = {isa = PBXBuildFile; fileRef = 2A08EBCC271751570094192E /* CoinsViewModel.swift */; };
		2A08EBCF271753E10094192E /* LoadingView.swift in Sources */ = {isa = PBXBuildFile; fileRef = 2A08EBCE271753E10094192E /* LoadingView.swift */; };
/* End PBXBuildFile section */

/* Begin PBXFileReference section */
		2A08EBA327166E050094192E /* bitcoin.app */ = {isa = PBXFileReference; explicitFileType = wrapper.application; includeInIndex = 0; path = bitcoin.app; sourceTree = BUILT_PRODUCTS_DIR; };
		2A08EBA627166E050094192E /* bitcoinApp.swift */ = {isa = PBXFileReference; lastKnownFileType = sourcecode.swift; path = bitcoinApp.swift; sourceTree = "<group>"; };
		2A08EBAA27166E080094192E /* Assets.xcassets */ = {isa = PBXFileReference; lastKnownFileType = folder.assetcatalog; path = Assets.xcassets; sourceTree = "<group>"; };
		2A08EBAD27166E080094192E /* Preview Assets.xcassets */ = {isa = PBXFileReference; lastKnownFileType = folder.assetcatalog; path = "Preview Assets.xcassets"; sourceTree = "<group>"; };
		2A08EBB727166E770094192E /* Coin.swift */ = {isa = PBXFileReference; lastKnownFileType = sourcecode.swift; path = Coin.swift; sourceTree = "<group>"; };
		2A08EBBA27166ECF0094192E /* APIConstants.swift */ = {isa = PBXFileReference; lastKnownFileType = sourcecode.swift; path = APIConstants.swift; sourceTree = "<group>"; };
		2A08EBC3271677280094192E /* CoinsScreen.swift */ = {isa = PBXFileReference; lastKnownFileType = sourcecode.swift; path = CoinsScreen.swift; sourceTree = "<group>"; };
		2A08EBC627174FC50094192E /* CoinView.swift */ = {isa = PBXFileReference; lastKnownFileType = sourcecode.swift; path = CoinView.swift; sourceTree = "<group>"; };
		2A08EBC92717508B0094192E /* CoinsService.swift */ = {isa = PBXFileReference; lastKnownFileType = sourcecode.swift; path = CoinsService.swift; sourceTree = "<group>"; };
		2A08EBCC271751570094192E /* CoinsViewModel.swift */ = {isa = PBXFileReference; lastKnownFileType = sourcecode.swift; path = CoinsViewModel.swift; sourceTree = "<group>"; };
		2A08EBCE271753E10094192E /* LoadingView.swift */ = {isa = PBXFileReference; lastKnownFileType = sourcecode.swift; path = LoadingView.swift; sourceTree = "<group>"; };
/* End PBXFileReference section */

/* Begin PBXFrameworksBuildPhase section */
		2A08EBA027166E050094192E /* Frameworks */ = {
			isa = PBXFrameworksBuildPhase;
			buildActionMask = 2147483647;
			files = (
			);
			runOnlyForDeploymentPostprocessing = 0;
		};
/* End PBXFrameworksBuildPhase section */

/* Begin PBXGroup section */
		2A08EB9A27166E050094192E = {
			isa = PBXGroup;
			children = (
				2A08EBA527166E050094192E /* bitcoin */,
				2A08EBA427166E050094192E /* Products */,
			);
			sourceTree = "<group>";
		};
		2A08EBA427166E050094192E /* Products */ = {
			isa = PBXGroup;
			children = (
				2A08EBA327166E050094192E /* bitcoin.app */,
			);
			name = Products;
			sourceTree = "<group>";
		};
		2A08EBA527166E050094192E /* bitcoin */ = {
			isa = PBXGroup;
			children = (
				2A08EBB427166E3C0094192E /* Feature */,
				2A08EBB927166EAA0094192E /* Constants */,
				2A08EBA627166E050094192E /* bitcoinApp.swift */,
				2A08EBAA27166E080094192E /* Assets.xcassets */,
				2A08EBAC27166E080094192E /* Preview Content */,
			);
			path = bitcoin;
			sourceTree = "<group>";
		};
		2A08EBAC27166E080094192E /* Preview Content */ = {
			isa = PBXGroup;
			children = (
				2A08EBAD27166E080094192E /* Preview Assets.xcassets */,
			);
			path = "Preview Content";
			sourceTree = "<group>";
		};
		2A08EBB427166E3C0094192E /* Feature */ = {
			isa = PBXGroup;
			children = (
				2A08EBB527166E4C0094192E /* Coins */,
			);
			path = Feature;
			sourceTree = "<group>";
		};
		2A08EBB527166E4C0094192E /* Coins */ = {
			isa = PBXGroup;
			children = (
				2A08EBCB271751410094192E /* ViewModel */,
				2A08EBC8271750810094192E /* Service */,
				2A08EBC527174FB30094192E /* Views */,
				2A08EBC2271677120094192E /* Screen */,
				2A08EBB627166E620094192E /* Model */,
			);
			path = Coins;
			sourceTree = "<group>";
		};
		2A08EBB627166E620094192E /* Model */ = {
			isa = PBXGroup;
			children = (
				2A08EBB727166E770094192E /* Coin.swift */,
			);
			path = Model;
			sourceTree = "<group>";
		};
		2A08EBB927166EAA0094192E /* Constants */ = {
			isa = PBXGroup;
			children = (
				2A08EBBA27166ECF0094192E /* APIConstants.swift */,
			);
			path = Constants;
			sourceTree = "<group>";
		};
		2A08EBC2271677120094192E /* Screen */ = {
			isa = PBXGroup;
			children = (
				2A08EBC3271677280094192E /* CoinsScreen.swift */,
			);
			path = Screen;
			sourceTree = "<group>";
		};
		2A08EBC527174FB30094192E /* Views */ = {
			isa = PBXGroup;
			children = (
				2A08EBC627174FC50094192E /* CoinView.swift */,
				2A08EBCE271753E10094192E /* LoadingView.swift */,
			);
			path = Views;
			sourceTree = "<group>";
		};
		2A08EBC8271750810094192E /* Service */ = {
			isa = PBXGroup;
			children = (
				2A08EBC92717508B0094192E /* CoinsService.swift */,
			);
			path = Service;
			sourceTree = "<group>";
		};
		2A08EBCB271751410094192E /* ViewModel */ = {
			isa = PBXGroup;
			children = (
				2A08EBCC271751570094192E /* CoinsViewModel.swift */,
			);
			path = ViewModel;
			sourceTree = "<group>";
		};
/* End PBXGroup section */

/* Begin PBXNativeTarget section */
		2A08EBA227166E050094192E /* bitcoin */ = {
			isa = PBXNativeTarget;
			buildConfigurationList = 2A08EBB127166E080094192E /* Build configuration list for PBXNativeTarget "bitcoin" */;
			buildPhases = (
				2A08EB9F27166E050094192E /* Sources */,
				2A08EBA027166E050094192E /* Frameworks */,
				2A08EBA127166E050094192E /* Resources */,
			);
			buildRules = (
			);
			dependencies = (
			);
			name = bitcoin;
			productName = bitcoin;
			productReference = 2A08EBA327166E050094192E /* bitcoin.app */;
			productType = "com.apple.product-type.application";
		};
/* End PBXNativeTarget section */

/* Begin PBXProject section */
		2A08EB9B27166E050094192E /* Project object */ = {
			isa = PBXProject;
			attributes = {
				BuildIndependentTargetsInParallel = 1;
				LastSwiftUpdateCheck = 1300;
				LastUpgradeCheck = 1300;
				TargetAttributes = {
					2A08EBA227166E050094192E = {
						CreatedOnToolsVersion = 13.0;
					};
				};
			};
			buildConfigurationList = 2A08EB9E27166E050094192E /* Build configuration list for PBXProject "bitcoin" */;
			compatibilityVersion = "Xcode 13.0";
			developmentRegion = en;
			hasScannedForEncodings = 0;
			knownRegions = (
				en,
				Base,
			);
			mainGroup = 2A08EB9A27166E050094192E;
			productRefGroup = 2A08EBA427166E050094192E /* Products */;
			projectDirPath = "";
			projectRoot = "";
			targets = (
				2A08EBA227166E050094192E /* bitcoin */,
			);
		};
/* End PBXProject section */

/* Begin PBXResourcesBuildPhase section */
		2A08EBA127166E050094192E /* Resources */ = {
			isa = PBXResourcesBuildPhase;
			buildActionMask = 2147483647;
			files = (
				2A08EBAE27166E080094192E /* Preview Assets.xcassets in Resources */,
				2A08EBAB27166E080094192E /* Assets.xcassets in Resources */,
			);
			runOnlyForDeploymentPostprocessing = 0;
		};
/* End PBXResourcesBuildPhase section */

/* Begin PBXSourcesBuildPhase section */
		2A08EB9F27166E050094192E /* Sources */ = {
			isa = PBXSourcesBuildPhase;
			buildActionMask = 2147483647;
			files = (
				2A08EBC727174FC50094192E /* CoinView.swift in Sources */,
				2A08EBCD271751570094192E /* CoinsViewModel.swift in Sources */,
				2A08EBC4271677280094192E /* CoinsScreen.swift in Sources */,
				2A08EBBB27166ECF0094192E /* APIConstants.swift in Sources */,
				2A08EBB827166E770094192E /* Coin.swift in Sources */,
				2A08EBCF271753E10094192E /* LoadingView.swift in Sources */,
				2A08EBCA2717508B0094192E /* CoinsService.swift in Sources */,
				2A08EBA727166E050094192E /* bitcoinApp.swift in Sources */,
			);
			runOnlyForDeploymentPostprocessing = 0;
		};
/* End PBXSourcesBuildPhase section */

/* Begin XCBuildConfiguration section */
		2A08EBAF27166E080094192E /* Debug */ = {
			isa = XCBuildConfiguration;
			buildSettings = {
				ALWAYS_SEARCH_USER_PATHS = NO;
				CLANG_ANALYZER_NONNULL = YES;
				CLANG_ANALYZER_NUMBER_OBJECT_CONVERSION = YES_AGGRESSIVE;
				CLANG_CXX_LANGUAGE_STANDARD = "gnu++17";
				CLANG_CXX_LIBRARY = "libc++";
				CLANG_ENABLE_MODULES = YES;
				CLANG_ENABLE_OBJC_ARC = YES;
				CLANG_ENABLE_OBJC_WEAK = YES;
				CLANG_WARN_BLOCK_CAPTURE_AUTORELEASING = YES;
				CLANG_WARN_BOOL_CONVERSION = YES;
				CLANG_WARN_COMMA = YES;
				CLANG_WARN_CONSTANT_CONVERSION = YES;
				CLANG_WARN_DEPRECATED_OBJC_IMPLEMENTATIONS = YES;
				CLANG_WARN_DIRECT_OBJC_ISA_USAGE = YES_ERROR;
				CLANG_WARN_DOCUMENTATION_COMMENTS = YES;
				CLANG_WARN_EMPTY_BODY = YES;
				CLANG_WARN_ENUM_CONVERSION = YES;
				CLANG_WARN_INFINITE_RECURSION = YES;
				CLANG_WARN_INT_CONVERSION = YES;
				CLANG_WARN_NON_LITERAL_NULL_CONVERSION = YES;
				CLANG_WARN_OBJC_IMPLICIT_RETAIN_SELF = YES;
				CLANG_WARN_OBJC_LITERAL_CONVERSION = YES;
				CLANG_WARN_OBJC_ROOT_CLASS = YES_ERROR;
				CLANG_WARN_QUOTED_INCLUDE_IN_FRAMEWORK_HEADER = YES;
				CLANG_WARN_RANGE_LOOP_ANALYSIS = YES;
				CLANG_WARN_STRICT_PROTOTYPES = YES;
				CLANG_WARN_SUSPICIOUS_MOVE = YES;
				CLANG_WARN_UNGUARDED_AVAILABILITY = YES_AGGRESSIVE;
				CLANG_WARN_UNREACHABLE_CODE = YES;
				CLANG_WARN__DUPLICATE_METHOD_MATCH = YES;
				COPY_PHASE_STRIP = NO;
				DEBUG_INFORMATION_FORMAT = dwarf;
				ENABLE_STRICT_OBJC_MSGSEND = YES;
				ENABLE_TESTABILITY = YES;
				GCC_C_LANGUAGE_STANDARD = gnu11;
				GCC_DYNAMIC_NO_PIC = NO;
				GCC_NO_COMMON_BLOCKS = YES;
				GCC_OPTIMIZATION_LEVEL = 0;
				GCC_PREPROCESSOR_DEFINITIONS = (
					"DEBUG=1",
					"$(inherited)",
				);
				GCC_WARN_64_TO_32_BIT_CONVERSION = YES;
				GCC_WARN_ABOUT_RETURN_TYPE = YES_ERROR;
				GCC_WARN_UNDECLARED_SELECTOR = YES;
				GCC_WARN_UNINITIALIZED_AUTOS = YES_AGGRESSIVE;
				GCC_WARN_UNUSED_FUNCTION = YES;
				GCC_WARN_UNUSED_VARIABLE = YES;
				IPHONEOS_DEPLOYMENT_TARGET = 15.0;
				MTL_ENABLE_DEBUG_INFO = INCLUDE_SOURCE;
				MTL_FAST_MATH = YES;
				ONLY_ACTIVE_ARCH = YES;
				SDKROOT = iphoneos;
				SWIFT_ACTIVE_COMPILATION_CONDITIONS = DEBUG;
				SWIFT_OPTIMIZATION_LEVEL = "-Onone";
			};
			name = Debug;
		};
		2A08EBB027166E080094192E /* Release */ = {
			isa = XCBuildConfiguration;
			buildSettings = {
				ALWAYS_SEARCH_USER_PATHS = NO;
				CLANG_ANALYZER_NONNULL = YES;
				CLANG_ANALYZER_NUMBER_OBJECT_CONVERSION = YES_AGGRESSIVE;
				CLANG_CXX_LANGUAGE_STANDARD = "gnu++17";
				CLANG_CXX_LIBRARY = "libc++";
				CLANG_ENABLE_MODULES = YES;
				CLANG_ENABLE_OBJC_ARC = YES;
				CLANG_ENABLE_OBJC_WEAK = YES;
				CLANG_WARN_BLOCK_CAPTURE_AUTORELEASING = YES;
				CLANG_WARN_BOOL_CONVERSION = YES;
				CLANG_WARN_COMMA = YES;
				CLANG_WARN_CONSTANT_CONVERSION = YES;
				CLANG_WARN_DEPRECATED_OBJC_IMPLEMENTATIONS = YES;
				CLANG_WARN_DIRECT_OBJC_ISA_USAGE = YES_ERROR;
				CLANG_WARN_DOCUMENTATION_COMMENTS = YES;
				CLANG_WARN_EMPTY_BODY = YES;
				CLANG_WARN_ENUM_CONVERSION = YES;
				CLANG_WARN_INFINITE_RECURSION = YES;
				CLANG_WARN_INT_CONVERSION = YES;
				CLANG_WARN_NON_LITERAL_NULL_CONVERSION = YES;
				CLANG_WARN_OBJC_IMPLICIT_RETAIN_SELF = YES;
				CLANG_WARN_OBJC_LITERAL_CONVERSION = YES;
				CLANG_WARN_OBJC_ROOT_CLASS = YES_ERROR;
				CLANG_WARN_QUOTED_INCLUDE_IN_FRAMEWORK_HEADER = YES;
				CLANG_WARN_RANGE_LOOP_ANALYSIS = YES;
				CLANG_WARN_STRICT_PROTOTYPES = YES;
				CLANG_WARN_SUSPICIOUS_MOVE = YES;
				CLANG_WARN_UNGUARDED_AVAILABILITY = YES_AGGRESSIVE;
				CLANG_WARN_UNREACHABLE_CODE = YES;
				CLANG_WARN__DUPLICATE_METHOD_MATCH = YES;
				COPY_PHASE_STRIP = NO;
				DEBUG_INFORMATION_FORMAT = "dwarf-with-dsym";
				ENABLE_NS_ASSERTIONS = NO;
				ENABLE_STRICT_OBJC_MSGSEND = YES;
				GCC_C_LANGUAGE_STANDARD = gnu11;
				GCC_NO_COMMON_BLOCKS = YES;
				GCC_WARN_64_TO_32_BIT_CONVERSION = YES;
				GCC_WARN_ABOUT_RETURN_TYPE = YES_ERROR;
				GCC_WARN_UNDECLARED_SELECTOR = YES;
				GCC_WARN_UNINITIALIZED_AUTOS = YES_AGGRESSIVE;
				GCC_WARN_UNUSED_FUNCTION = YES;
				GCC_WARN_UNUSED_VARIABLE = YES;
				IPHONEOS_DEPLOYMENT_TARGET = 15.0;
				MTL_ENABLE_DEBUG_INFO = NO;
				MTL_FAST_MATH = YES;
				SDKROOT = iphoneos;
				SWIFT_COMPILATION_MODE = wholemodule;
				SWIFT_OPTIMIZATION_LEVEL = "-O";
				VALIDATE_PRODUCT = YES;
			};
			name = Release;
		};
		2A08EBB227166E080094192E /* Debug */ = {
			isa = XCBuildConfiguration;
			buildSettings = {
				ASSETCATALOG_COMPILER_APPICON_NAME = AppIcon;
				ASSETCATALOG_COMPILER_GLOBAL_ACCENT_COLOR_NAME = AccentColor;
				CODE_SIGN_STYLE = Automatic;
				CURRENT_PROJECT_VERSION = 1;
				DEVELOPMENT_ASSET_PATHS = "\"bitcoin/Preview Content\"";
				DEVELOPMENT_TEAM = GR8H7BN82Z;
				ENABLE_PREVIEWS = YES;
				GENERATE_INFOPLIST_FILE = YES;
				INFOPLIST_KEY_UIApplicationSceneManifest_Generation = YES;
				INFOPLIST_KEY_UIApplicationSupportsIndirectInputEvents = YES;
				INFOPLIST_KEY_UILaunchScreen_Generation = YES;
				INFOPLIST_KEY_UISupportedInterfaceOrientations_iPad = "UIInterfaceOrientationPortrait UIInterfaceOrientationPortraitUpsideDown UIInterfaceOrientationLandscapeLeft UIInterfaceOrientationLandscapeRight";
				INFOPLIST_KEY_UISupportedInterfaceOrientations_iPhone = "UIInterfaceOrientationPortrait UIInterfaceOrientationLandscapeLeft UIInterfaceOrientationLandscapeRight";
				IPHONEOS_DEPLOYMENT_TARGET = 15.0;
				LD_RUNPATH_SEARCH_PATHS = (
					"$(inherited)",
					"@executable_path/Frameworks",
				);
				MARKETING_VERSION = 1.0;
				PRODUCT_BUNDLE_IDENTIFIER = com.Cloutier.Vince.bitcoin;
				PRODUCT_NAME = "$(TARGET_NAME)";
				SWIFT_EMIT_LOC_STRINGS = YES;
				SWIFT_VERSION = 5.0;
				TARGETED_DEVICE_FAMILY = "1,2";
			};
			name = Debug;
		};
		2A08EBB327166E080094192E /* Release */ = {
			isa = XCBuildConfiguration;
			buildSettings = {
				ASSETCATALOG_COMPILER_APPICON_NAME = AppIcon;
				ASSETCATALOG_COMPILER_GLOBAL_ACCENT_COLOR_NAME = AccentColor;
				CODE_SIGN_STYLE = Automatic;
				CURRENT_PROJECT_VERSION = 1;
				DEVELOPMENT_ASSET_PATHS = "\"bitcoin/Preview Content\"";
				DEVELOPMENT_TEAM = GR8H7BN82Z;
				ENABLE_PREVIEWS = YES;
				GENERATE_INFOPLIST_FILE = YES;
				INFOPLIST_KEY_UIApplicationSceneManifest_Generation = YES;
				INFOPLIST_KEY_UIApplicationSupportsIndirectInputEvents = YES;
				INFOPLIST_KEY_UILaunchScreen_Generation = YES;
				INFOPLIST_KEY_UISupportedInterfaceOrientations_iPad = "UIInterfaceOrientationPortrait UIInterfaceOrientationPortraitUpsideDown UIInterfaceOrientationLandscapeLeft UIInterfaceOrientationLandscapeRight";
				INFOPLIST_KEY_UISupportedInterfaceOrientations_iPhone = "UIInterfaceOrientationPortrait UIInterfaceOrientationLandscapeLeft UIInterfaceOrientationLandscapeRight";
				IPHONEOS_DEPLOYMENT_TARGET = 15.0;
				LD_RUNPATH_SEARCH_PATHS = (
					"$(inherited)",
					"@executable_path/Frameworks",
				);
				MARKETING_VERSION = 1.0;
				PRODUCT_BUNDLE_IDENTIFIER = com.Cloutier.Vince.bitcoin;
				PRODUCT_NAME = "$(TARGET_NAME)";
				SWIFT_EMIT_LOC_STRINGS = YES;
				SWIFT_VERSION = 5.0;
				TARGETED_DEVICE_FAMILY = "1,2";
			};
			name = Release;
		};
/* End XCBuildConfiguration section */

/* Begin XCConfigurationList section */
		2A08EB9E27166E050094192E /* Build configuration list for PBXProject "bitcoin" */ = {
			isa = XCConfigurationList;
			buildConfigurations = (
				2A08EBAF27166E080094192E /* Debug */,
				2A08EBB027166E080094192E /* Release */,
			);
			defaultConfigurationIsVisible = 0;
			defaultConfigurationName = Release;
		};
		2A08EBB127166E080094192E /* Build configuration list for PBXNativeTarget "bitcoin" */ = {
			isa = XCConfigurationList;
			buildConfigurations = (
				2A08EBB227166E080094192E /* Debug */,
				2A08EBB327166E080094192E /* Release */,
			);
			defaultConfigurationIsVisible = 0;
			defaultConfigurationName = Release;
		};
/* End XCConfigurationList section */
	};
	rootObject = 2A08EB9B27166E050094192E /* Project object */;
}
